
Microsoft Visual Studio Solution File, Format Version 12.00
# Visual Studio 15
VisualStudioVersion = 15.0.28307.645
MinimumVisualStudioVersion = 10.0.40219.1
Project("{9A19103F-16F7-4668-BE54-9A1E7A4F7556}") = "Famtastic", "Famtastic\Famtastic.csproj", "{24385B5D-A7B0-4956-B286-0E025803907F}"
EndProject
Project("{00D1A9C2-B5F0-4AF3-8072-F6C62B433612}") = "Database", "Database\Database.sqlproj", "{C68A5962-3BEA-4C98-9C73-F099685744BC}"
EndProject
Project("{9A19103F-16F7-4668-BE54-9A1E7A4F7556}") = "DataAccess", "DataAccess\DataAccess.csproj", "{AACBDA32-B0DF-4BA4-BA79-427541939A7D}"
EndProject
Project("{FAE04EC0-301F-11D3-BF4B-00C04F79EFBC}") = "Biz", "Biz\Biz.csproj", "{FAF49198-EDFE-43C7-A550-4F62185C85C9}"
EndProject
Global
	GlobalSection(SolutionConfigurationPlatforms) = preSolution
		Debug|Any CPU = Debug|Any CPU
		Release|Any CPU = Release|Any CPU
	EndGlobalSection
	GlobalSection(ProjectConfigurationPlatforms) = postSolution
		{24385B5D-A7B0-4956-B286-0E025803907F}.Debug|Any CPU.ActiveCfg = Debug|Any CPU
		{24385B5D-A7B0-4956-B286-0E025803907F}.Debug|Any CPU.Build.0 = Debug|Any CPU
		{24385B5D-A7B0-4956-B286-0E025803907F}.Release|Any CPU.ActiveCfg = Release|Any CPU
		{24385B5D-A7B0-4956-B286-0E025803907F}.Release|Any CPU.Build.0 = Release|Any CPU
		{C68A5962-3BEA-4C98-9C73-F099685744BC}.Debug|Any CPU.ActiveCfg = Debug|Any CPU
		{C68A5962-3BEA-4C98-9C73-F099685744BC}.Debug|Any CPU.Build.0 = Debug|Any CPU
		{C68A5962-3BEA-4C98-9C73-F099685744BC}.Debug|Any CPU.Deploy.0 = Debug|Any CPU
		{C68A5962-3BEA-4C98-9C73-F099685744BC}.Release|Any CPU.ActiveCfg = Release|Any CPU
		{C68A5962-3BEA-4C98-9C73-F099685744BC}.Release|Any CPU.Build.0 = Release|Any CPU
		{C68A5962-3BEA-4C98-9C73-F099685744BC}.Release|Any CPU.Deploy.0 = Release|Any CPU
		{AACBDA32-B0DF-4BA4-BA79-427541939A7D}.Debug|Any CPU.ActiveCfg = Debug|Any CPU
		{AACBDA32-B0DF-4BA4-BA79-427541939A7D}.Debug|Any CPU.Build.0 = Debug|Any CPU
		{AACBDA32-B0DF-4BA4-BA79-427541939A7D}.Release|Any CPU.ActiveCfg = Release|Any CPU
		{AACBDA32-B0DF-4BA4-BA79-427541939A7D}.Release|Any CPU.Build.0 = Release|Any CPU
		{FAF49198-EDFE-43C7-A550-4F62185C85C9}.Debug|Any CPU.ActiveCfg = Debug|Any CPU
		{FAF49198-EDFE-43C7-A550-4F62185C85C9}.Debug|Any CPU.Build.0 = Debug|Any CPU
		{FAF49198-EDFE-43C7-A550-4F62185C85C9}.Release|Any CPU.ActiveCfg = Release|Any CPU
		{FAF49198-EDFE-43C7-A550-4F62185C85C9}.Release|Any CPU.Build.0 = Release|Any CPU
	EndGlobalSection
	GlobalSection(SolutionProperties) = preSolution
		HideSolutionNode = FALSE
	EndGlobalSection
	GlobalSection(ExtensibilityGlobals) = postSolution
		SolutionGuid = {744245F9-EABD-4ADB-B870-847D998521B2}
	EndGlobalSection
EndGlobal
